// !$*UTF8*$!
{
	archiveVersion = 1;
	classes = {
	};
	objectVersion = 50;
	objects = {

/* Begin PBXBuildFile section */
		117951BC24B66B9D009C506F /* AppDelegate.swift in Sources */ = {isa = PBXBuildFile; fileRef = 117951BB24B66B9D009C506F /* AppDelegate.swift */; };
		117951BE24B66B9D009C506F /* SceneDelegate.swift in Sources */ = {isa = PBXBuildFile; fileRef = 117951BD24B66B9D009C506F /* SceneDelegate.swift */; };
		117951C024B66B9D009C506F /* ViewController.swift in Sources */ = {isa = PBXBuildFile; fileRef = 117951BF24B66B9D009C506F /* ViewController.swift */; };
		117951C324B66B9D009C506F /* Main.storyboard in Resources */ = {isa = PBXBuildFile; fileRef = 117951C124B66B9D009C506F /* Main.storyboard */; };
		117951C524B66B9F009C506F /* Assets.xcassets in Resources */ = {isa = PBXBuildFile; fileRef = 117951C424B66B9F009C506F /* Assets.xcassets */; };
		117951C824B66B9F009C506F /* LaunchScreen.storyboard in Resources */ = {isa = PBXBuildFile; fileRef = 117951C624B66B9F009C506F /* LaunchScreen.storyboard */; };
/* End PBXBuildFile section */

/* Begin PBXFileReference section */
		117951B824B66B9D009C506F /* boxcatchdemo.app */ = {isa = PBXFileReference; explicitFileType = wrapper.application; includeInIndex = 0; path = boxcatchdemo.app; sourceTree = BUILT_PRODUCTS_DIR; };
		117951BB24B66B9D009C506F /* AppDelegate.swift */ = {isa = PBXFileReference; lastKnownFileType = sourcecode.swift; path = AppDelegate.swift; sourceTree = "<group>"; };
		117951BD24B66B9D009C506F /* SceneDelegate.swift */ = {isa = PBXFileReference; lastKnownFileType = sourcecode.swift; path = SceneDelegate.swift; sourceTree = "<group>"; };
		117951BF24B66B9D009C506F /* ViewController.swift */ = {isa = PBXFileReference; lastKnownFileType = sourcecode.swift; path = ViewController.swift; sourceTree = "<group>"; };
		117951C224B66B9D009C506F /* Base */ = {isa = PBXFileReference; lastKnownFileType = file.storyboard; name = Base; path = Base.lproj/Main.storyboard; sourceTree = "<group>"; };
		117951C424B66B9F009C506F /* Assets.xcassets */ = {isa = PBXFileReference; lastKnownFileType = folder.assetcatalog; path = Assets.xcassets; sourceTree = "<group>"; };
		117951C724B66B9F009C506F /* Base */ = {isa = PBXFileReference; lastKnownFileType = file.storyboard; name = Base; path = Base.lproj/LaunchScreen.storyboard; sourceTree = "<group>"; };
		117951C924B66B9F009C506F /* Info.plist */ = {isa = PBXFileReference; lastKnownFileType = text.plist.xml; path = Info.plist; sourceTree = "<group>"; };
/* End PBXFileReference section */

/* Begin PBXFrameworksBuildPhase section */
		117951B524B66B9D009C506F /* Frameworks */ = {
			isa = PBXFrameworksBuildPhase;
			buildActionMask = 2147483647;
			files = (
			);
			runOnlyForDeploymentPostprocessing = 0;
		};
/* End PBXFrameworksBuildPhase section */

/* Begin PBXGroup section */
		117951AF24B66B9D009C506F = {
			isa = PBXGroup;
			children = (
				117951BA24B66B9D009C506F /* boxcatchdemo */,
				117951B924B66B9D009C506F /* Products */,
			);
			sourceTree = "<group>";
		};
		117951B924B66B9D009C506F /* Products */ = {
			isa = PBXGroup;
			children = (
				117951B824B66B9D009C506F /* boxcatchdemo.app */,
			);
			name = Products;
			sourceTree = "<group>";
		};
		117951BA24B66B9D009C506F /* boxcatchdemo */ = {
			isa = PBXGroup;
			children = (
				117951BB24B66B9D009C506F /* AppDelegate.swift */,
				117951BD24B66B9D009C506F /* SceneDelegate.swift */,
				117951BF24B66B9D009C506F /* ViewController.swift */,
				117951C124B66B9D009C506F /* Main.storyboard */,
				117951C424B66B9F009C506F /* Assets.xcassets */,
				117951C624B66B9F009C506F /* LaunchScreen.storyboard */,
				117951C924B66B9F009C506F /* Info.plist */,
			);
			path = boxcatchdemo;
			sourceTree = "<group>";
		};
/* End PBXGroup section */

/* Begin PBXNativeTarget section */
		117951B724B66B9D009C506F /* boxcatchdemo */ = {
			isa = PBXNativeTarget;
			buildConfigurationList = 117951CC24B66B9F009C506F /* Build configuration list for PBXNativeTarget "boxcatchdemo" */;
			buildPhases = (
				117951B424B66B9D009C506F /* Sources */,
				117951B524B66B9D009C506F /* Frameworks */,
				117951B624B66B9D009C506F /* Resources */,
			);
			buildRules = (
			);
			dependencies = (
			);
			name = boxcatchdemo;
			productName = boxcatchdemo;
			productReference = 117951B824B66B9D009C506F /* boxcatchdemo.app */;
			productType = "com.apple.product-type.application";
		};
/* End PBXNativeTarget section */

/* Begin PBXProject section */
		117951B024B66B9D009C506F /* Project object */ = {
			isa = PBXProject;
			attributes = {
				LastSwiftUpdateCheck = 1150;
				LastUpgradeCheck = 1150;
				ORGANIZATIONNAME = "Ronit Dhingra";
				TargetAttributes = {
					117951B724B66B9D009C506F = {
						CreatedOnToolsVersion = 11.5;
					};
				};
			};
			buildConfigurationList = 117951B324B66B9D009C506F /* Build configuration list for PBXProject "boxcatchdemo" */;
			compatibilityVersion = "Xcode 9.3";
			developmentRegion = en;
			hasScannedForEncodings = 0;
			knownRegions = (
				en,
				Base,
			);
			mainGroup = 117951AF24B66B9D009C506F;
			productRefGroup = 117951B924B66B9D009C506F /* Products */;
			projectDirPath = "";
			projectRoot = "";
			targets = (
				117951B724B66B9D009C506F /* boxcatchdemo */,
			);
		};
/* End PBXProject section */

/* Begin PBXResourcesBuildPhase section */
		117951B624B66B9D009C506F /* Resources */ = {
			isa = PBXResourcesBuildPhase;
			buildActionMask = 2147483647;
			files = (
				117951C824B66B9F009C506F /* LaunchScreen.storyboard in Resources */,
				117951C524B66B9F009C506F /* Assets.xcassets in Resources */,
				117951C324B66B9D009C506F /* Main.storyboard in Resources */,
			);
			runOnlyForDeploymentPostprocessing = 0;
		};
/* End PBXResourcesBuildPhase section */

/* Begin PBXSourcesBuildPhase section */
		117951B424B66B9D009C506F /* Sources */ = {
			isa = PBXSourcesBuildPhase;
			buildActionMask = 2147483647;
			files = (
				117951C024B66B9D009C506F /* ViewController.swift in Sources */,
				117951BC24B66B9D009C506F /* AppDelegate.swift in Sources */,
				117951BE24B66B9D009C506F /* SceneDelegate.swift in Sources */,
			);
			runOnlyForDeploymentPostprocessing = 0;
		};
/* End PBXSourcesBuildPhase section */

/* Begin PBXVariantGroup section */
		117951C124B66B9D009C506F /* Main.storyboard */ = {
			isa = PBXVariantGroup;
			children = (
				117951C224B66B9D009C506F /* Base */,
			);
			name = Main.storyboard;
			sourceTree = "<group>";
		};
		117951C624B66B9F009C506F /* LaunchScreen.storyboard */ = {
			isa = PBXVariantGroup;
			children = (
				117951C724B66B9F009C506F /* Base */,
			);
			name = LaunchScreen.storyboard;
			sourceTree = "<group>";
		};
/* End PBXVariantGroup section */

/* Begin XCBuildConfiguration section */
		117951CA24B66B9F009C506F /* Debug */ = {
			isa = XCBuildConfiguration;
			buildSettings = {
				ALWAYS_SEARCH_USER_PATHS = NO;
				CLANG_ANALYZER_NONNULL = YES;
				CLANG_ANALYZER_NUMBER_OBJECT_CONVERSION = YES_AGGRESSIVE;
				CLANG_CXX_LANGUAGE_STANDARD = "gnu++14";
				CLANG_CXX_LIBRARY = "libc++";
				CLANG_ENABLE_MODULES = YES;
				CLANG_ENABLE_OBJC_ARC = YES;
				CLANG_ENABLE_OBJC_WEAK = YES;
				CLANG_WARN_BLOCK_CAPTURE_AUTORELEASING = YES;
				CLANG_WARN_BOOL_CONVERSION = YES;
				CLANG_WARN_COMMA = YES;
				CLANG_WARN_CONSTANT_CONVERSION = YES;
				CLANG_WARN_DEPRECATED_OBJC_IMPLEMENTATIONS = YES;
				CLANG_WARN_DIRECT_OBJC_ISA_USAGE = YES_ERROR;
				CLANG_WARN_DOCUMENTATION_COMMENTS = YES;
				CLANG_WARN_EMPTY_BODY = YES;
				CLANG_WARN_ENUM_CONVERSION = YES;
				CLANG_WARN_INFINITE_RECURSION = YES;
				CLANG_WARN_INT_CONVERSION = YES;
				CLANG_WARN_NON_LITERAL_NULL_CONVERSION = YES;
				CLANG_WARN_OBJC_IMPLICIT_RETAIN_SELF = YES;
				CLANG_WARN_OBJC_LITERAL_CONVERSION = YES;
				CLANG_WARN_OBJC_ROOT_CLASS = YES_ERROR;
				CLANG_WARN_RANGE_LOOP_ANALYSIS = YES;
				CLANG_WARN_STRICT_PROTOTYPES = YES;
				CLANG_WARN_SUSPICIOUS_MOVE = YES;
				CLANG_WARN_UNGUARDED_AVAILABILITY = YES_AGGRESSIVE;
				CLANG_WARN_UNREACHABLE_CODE = YES;
				CLANG_WARN__DUPLICATE_METHOD_MATCH = YES;
				COPY_PHASE_STRIP = NO;
				DEBUG_INFORMATION_FORMAT = dwarf;
				ENABLE_STRICT_OBJC_MSGSEND = YES;
				ENABLE_TESTABILITY = YES;
				GCC_C_LANGUAGE_STANDARD = gnu11;
				GCC_DYNAMIC_NO_PIC = NO;
				GCC_NO_COMMON_BLOCKS = YES;
				GCC_OPTIMIZATION_LEVEL = 0;
				GCC_PREPROCESSOR_DEFINITIONS = (
					"DEBUG=1",
					"$(inherited)",
				);
				GCC_WARN_64_TO_32_BIT_CONVERSION = YES;
				GCC_WARN_ABOUT_RETURN_TYPE = YES_ERROR;
				GCC_WARN_UNDECLARED_SELECTOR = YES;
				GCC_WARN_UNINITIALIZED_AUTOS = YES_AGGRESSIVE;
				GCC_WARN_UNUSED_FUNCTION = YES;
				GCC_WARN_UNUSED_VARIABLE = YES;
				IPHONEOS_DEPLOYMENT_TARGET = 13.5;
				MTL_ENABLE_DEBUG_INFO = INCLUDE_SOURCE;
				MTL_FAST_MATH = YES;
				ONLY_ACTIVE_ARCH = YES;
				SDKROOT = iphoneos;
				SWIFT_ACTIVE_COMPILATION_CONDITIONS = DEBUG;
				SWIFT_OPTIMIZATION_LEVEL = "-Onone";
			};
			name = Debug;
		};
		117951CB24B66B9F009C506F /* Release */ = {
			isa = XCBuildConfiguration;
			buildSettings = {
				ALWAYS_SEARCH_USER_PATHS = NO;
				CLANG_ANALYZER_NONNULL = YES;
				CLANG_ANALYZER_NUMBER_OBJECT_CONVERSION = YES_AGGRESSIVE;
				CLANG_CXX_LANGUAGE_STANDARD = "gnu++14";
				CLANG_CXX_LIBRARY = "libc++";
				CLANG_ENABLE_MODULES = YES;
				CLANG_ENABLE_OBJC_ARC = YES;
				CLANG_ENABLE_OBJC_WEAK = YES;
				CLANG_WARN_BLOCK_CAPTURE_AUTORELEASING = YES;
				CLANG_WARN_BOOL_CONVERSION = YES;
				CLANG_WARN_COMMA = YES;
				CLANG_WARN_CONSTANT_CONVERSION = YES;
				CLANG_WARN_DEPRECATED_OBJC_IMPLEMENTATIONS = YES;
				CLANG_WARN_DIRECT_OBJC_ISA_USAGE = YES_ERROR;
				CLANG_WARN_DOCUMENTATION_COMMENTS = YES;
				CLANG_WARN_EMPTY_BODY = YES;
				CLANG_WARN_ENUM_CONVERSION = YES;
				CLANG_WARN_INFINITE_RECURSION = YES;
				CLANG_WARN_INT_CONVERSION = YES;
				CLANG_WARN_NON_LITERAL_NULL_CONVERSION = YES;
				CLANG_WARN_OBJC_IMPLICIT_RETAIN_SELF = YES;
				CLANG_WARN_OBJC_LITERAL_CONVERSION = YES;
				CLANG_WARN_OBJC_ROOT_CLASS = YES_ERROR;
				CLANG_WARN_RANGE_LOOP_ANALYSIS = YES;
				CLANG_WARN_STRICT_PROTOTYPES = YES;
				CLANG_WARN_SUSPICIOUS_MOVE = YES;
				CLANG_WARN_UNGUARDED_AVAILABILITY = YES_AGGRESSIVE;
				CLANG_WARN_UNREACHABLE_CODE = YES;
				CLANG_WARN__DUPLICATE_METHOD_MATCH = YES;
				COPY_PHASE_STRIP = NO;
				DEBUG_INFORMATION_FORMAT = "dwarf-with-dsym";
				ENABLE_NS_ASSERTIONS = NO;
				ENABLE_STRICT_OBJC_MSGSEND = YES;
				GCC_C_LANGUAGE_STANDARD = gnu11;
				GCC_NO_COMMON_BLOCKS = YES;
				GCC_WARN_64_TO_32_BIT_CONVERSION = YES;
				GCC_WARN_ABOUT_RETURN_TYPE = YES_ERROR;
				GCC_WARN_UNDECLARED_SELECTOR = YES;
				GCC_WARN_UNINITIALIZED_AUTOS = YES_AGGRESSIVE;
				GCC_WARN_UNUSED_FUNCTION = YES;
				GCC_WARN_UNUSED_VARIABLE = YES;
				IPHONEOS_DEPLOYMENT_TARGET = 13.5;
				MTL_ENABLE_DEBUG_INFO = NO;
				MTL_FAST_MATH = YES;
				SDKROOT = iphoneos;
				SWIFT_COMPILATION_MODE = wholemodule;
				SWIFT_OPTIMIZATION_LEVEL = "-O";
				VALIDATE_PRODUCT = YES;
			};
			name = Release;
		};
		117951CD24B66B9F009C506F /* Debug */ = {
			isa = XCBuildConfiguration;
			buildSettings = {
				ASSETCATALOG_COMPILER_APPICON_NAME = AppIcon;
				CODE_SIGN_STYLE = Automatic;
				DEVELOPMENT_TEAM = 3M34Y9HNNU;
				INFOPLIST_FILE = boxcatchdemo/Info.plist;
				LD_RUNPATH_SEARCH_PATHS = (
					"$(inherited)",
					"@executable_path/Frameworks",
				);
				PRODUCT_BUNDLE_IDENTIFIER = com.rdhdapps.boxcatchdemo;
				PRODUCT_NAME = "$(TARGET_NAME)";
				SWIFT_VERSION = 5.0;
				TARGETED_DEVICE_FAMILY = "1,2";
			};
			name = Debug;
		};
		117951CE24B66B9F009C506F /* Release */ = {
			isa = XCBuildConfiguration;
			buildSettings = {
				ASSETCATALOG_COMPILER_APPICON_NAME = AppIcon;
				CODE_SIGN_STYLE = Automatic;
				DEVELOPMENT_TEAM = 3M34Y9HNNU;
				INFOPLIST_FILE = boxcatchdemo/Info.plist;
				LD_RUNPATH_SEARCH_PATHS = (
					"$(inherited)",
					"@executable_path/Frameworks",
				);
				PRODUCT_BUNDLE_IDENTIFIER = com.rdhdapps.boxcatchdemo;
				PRODUCT_NAME = "$(TARGET_NAME)";
				SWIFT_VERSION = 5.0;
				TARGETED_DEVICE_FAMILY = "1,2";
			};
			name = Release;
		};
/* End XCBuildConfiguration section */

/* Begin XCConfigurationList section */
		117951B324B66B9D009C506F /* Build configuration list for PBXProject "boxcatchdemo" */ = {
			isa = XCConfigurationList;
			buildConfigurations = (
				117951CA24B66B9F009C506F /* Debug */,
				117951CB24B66B9F009C506F /* Release */,
			);
			defaultConfigurationIsVisible = 0;
			defaultConfigurationName = Release;
		};
		117951CC24B66B9F009C506F /* Build configuration list for PBXNativeTarget "boxcatchdemo" */ = {
			isa = XCConfigurationList;
			buildConfigurations = (
				117951CD24B66B9F009C506F /* Debug */,
				117951CE24B66B9F009C506F /* Release */,
			);
			defaultConfigurationIsVisible = 0;
			defaultConfigurationName = Release;
		};
/* End XCConfigurationList section */
	};
	rootObject = 117951B024B66B9D009C506F /* Project object */;
}
